
Microsoft Visual Studio Solution File, Format Version 12.00
# Visual Studio 2013
VisualStudioVersion = 12.0.31101.0
MinimumVisualStudioVersion = 10.0.40219.1
Project("{FAE04EC0-301F-11D3-BF4B-00C04F79EFBC}") = "설문조사", "설문조사\설문조사.csproj", "{0CF7AB1A-262C-416A-8CAF-39ABE897F7CB}"
EndProject
Project("{FAE04EC0-301F-11D3-BF4B-00C04F79EFBC}") = "로그인 폼", "..\로그인 폼\로그인 폼\로그인 폼.csproj", "{6A4FE34E-D3C3-4C32-9184-CBACE5BEB819}"
EndProject
Project("{FAE04EC0-301F-11D3-BF4B-00C04F79EFBC}") = "구구단 계산기", "구구단 계산기\구구단 계산기.csproj", "{7676EF89-01C9-4FB2-83D5-87B6E4C0A697}"
EndProject
Project("{FAE04EC0-301F-11D3-BF4B-00C04F79EFBC}") = "배열 일기장", "배열 일기장\배열 일기장.csproj", "{EDD262B5-8BD0-4BA8-BDFB-9CFBF6B0977C}"
EndProject
Project("{FAE04EC0-301F-11D3-BF4B-00C04F79EFBC}") = "헤더정렬", "헤더정렬\헤더정렬.csproj", "{35FBF013-963B-4733-A9FA-7F30299BE72E}"
EndProject
Project("{FAE04EC0-301F-11D3-BF4B-00C04F79EFBC}") = "시스템 메모리 체크", "시스템 메모리 체크\시스템 메모리 체크.csproj", "{510DA3C9-70F1-4C27-ACC6-20270CE48B91}"
EndProject
Project("{FAE04EC0-301F-11D3-BF4B-00C04F79EFBC}") = "CSharpConsole", "CSharpConsole\CSharpConsole.csproj", "{634AF68E-E7B3-4068-B913-3474961E0722}"
EndProject
Project("{FAE04EC0-301F-11D3-BF4B-00C04F79EFBC}") = "playsound", "playsound\playsound.csproj", "{3281C83A-4A4B-4812-8677-94D1B1221DFF}"
EndProject
Project("{FAE04EC0-301F-11D3-BF4B-00C04F79EFBC}") = "wav파일 재생기", "wav파일 재생기\wav파일 재생기.csproj", "{657DE1AB-5B6C-4063-B910-E958AAEE463E}"
EndProject
Global
	GlobalSection(SolutionConfigurationPlatforms) = preSolution
		Debug|Any CPU = Debug|Any CPU
		Release|Any CPU = Release|Any CPU
	EndGlobalSection
	GlobalSection(ProjectConfigurationPlatforms) = postSolution
		{0CF7AB1A-262C-416A-8CAF-39ABE897F7CB}.Debug|Any CPU.ActiveCfg = Debug|Any CPU
		{0CF7AB1A-262C-416A-8CAF-39ABE897F7CB}.Debug|Any CPU.Build.0 = Debug|Any CPU
		{0CF7AB1A-262C-416A-8CAF-39ABE897F7CB}.Release|Any CPU.ActiveCfg = Release|Any CPU
		{0CF7AB1A-262C-416A-8CAF-39ABE897F7CB}.Release|Any CPU.Build.0 = Release|Any CPU
		{6A4FE34E-D3C3-4C32-9184-CBACE5BEB819}.Debug|Any CPU.ActiveCfg = Debug|Any CPU
		{6A4FE34E-D3C3-4C32-9184-CBACE5BEB819}.Debug|Any CPU.Build.0 = Debug|Any CPU
		{6A4FE34E-D3C3-4C32-9184-CBACE5BEB819}.Release|Any CPU.ActiveCfg = Release|Any CPU
		{6A4FE34E-D3C3-4C32-9184-CBACE5BEB819}.Release|Any CPU.Build.0 = Release|Any CPU
		{7676EF89-01C9-4FB2-83D5-87B6E4C0A697}.Debug|Any CPU.ActiveCfg = Debug|Any CPU
		{7676EF89-01C9-4FB2-83D5-87B6E4C0A697}.Debug|Any CPU.Build.0 = Debug|Any CPU
		{7676EF89-01C9-4FB2-83D5-87B6E4C0A697}.Release|Any CPU.ActiveCfg = Release|Any CPU
		{7676EF89-01C9-4FB2-83D5-87B6E4C0A697}.Release|Any CPU.Build.0 = Release|Any CPU
		{EDD262B5-8BD0-4BA8-BDFB-9CFBF6B0977C}.Debug|Any CPU.ActiveCfg = Debug|Any CPU
		{EDD262B5-8BD0-4BA8-BDFB-9CFBF6B0977C}.Debug|Any CPU.Build.0 = Debug|Any CPU
		{EDD262B5-8BD0-4BA8-BDFB-9CFBF6B0977C}.Release|Any CPU.ActiveCfg = Release|Any CPU
		{EDD262B5-8BD0-4BA8-BDFB-9CFBF6B0977C}.Release|Any CPU.Build.0 = Release|Any CPU
		{35FBF013-963B-4733-A9FA-7F30299BE72E}.Debug|Any CPU.ActiveCfg = Debug|Any CPU
		{35FBF013-963B-4733-A9FA-7F30299BE72E}.Debug|Any CPU.Build.0 = Debug|Any CPU
		{35FBF013-963B-4733-A9FA-7F30299BE72E}.Release|Any CPU.ActiveCfg = Release|Any CPU
		{35FBF013-963B-4733-A9FA-7F30299BE72E}.Release|Any CPU.Build.0 = Release|Any CPU
		{510DA3C9-70F1-4C27-ACC6-20270CE48B91}.Debug|Any CPU.ActiveCfg = Debug|Any CPU
		{510DA3C9-70F1-4C27-ACC6-20270CE48B91}.Debug|Any CPU.Build.0 = Debug|Any CPU
		{510DA3C9-70F1-4C27-ACC6-20270CE48B91}.Release|Any CPU.ActiveCfg = Release|Any CPU
		{510DA3C9-70F1-4C27-ACC6-20270CE48B91}.Release|Any CPU.Build.0 = Release|Any CPU
		{634AF68E-E7B3-4068-B913-3474961E0722}.Debug|Any CPU.ActiveCfg = Debug|Any CPU
		{634AF68E-E7B3-4068-B913-3474961E0722}.Debug|Any CPU.Build.0 = Debug|Any CPU
		{634AF68E-E7B3-4068-B913-3474961E0722}.Release|Any CPU.ActiveCfg = Release|Any CPU
		{634AF68E-E7B3-4068-B913-3474961E0722}.Release|Any CPU.Build.0 = Release|Any CPU
		{3281C83A-4A4B-4812-8677-94D1B1221DFF}.Debug|Any CPU.ActiveCfg = Debug|Any CPU
		{3281C83A-4A4B-4812-8677-94D1B1221DFF}.Debug|Any CPU.Build.0 = Debug|Any CPU
		{3281C83A-4A4B-4812-8677-94D1B1221DFF}.Release|Any CPU.ActiveCfg = Release|Any CPU
		{3281C83A-4A4B-4812-8677-94D1B1221DFF}.Release|Any CPU.Build.0 = Release|Any CPU
		{657DE1AB-5B6C-4063-B910-E958AAEE463E}.Debug|Any CPU.ActiveCfg = Debug|Any CPU
		{657DE1AB-5B6C-4063-B910-E958AAEE463E}.Debug|Any CPU.Build.0 = Debug|Any CPU
		{657DE1AB-5B6C-4063-B910-E958AAEE463E}.Release|Any CPU.ActiveCfg = Release|Any CPU
		{657DE1AB-5B6C-4063-B910-E958AAEE463E}.Release|Any CPU.Build.0 = Release|Any CPU
	EndGlobalSection
	GlobalSection(SolutionProperties) = preSolution
		HideSolutionNode = FALSE
	EndGlobalSection
EndGlobal
